{
  "version": 4,
  "terraform_version": "1.4.4",
  "serial": 2,
  "lineage": "b6d4114b-5fae-6b2f-b935-6be6c404a70f",
  "outputs": {},
  "resources": [
    {
      "mode": "data",
      "type": "aws_subnet_ids",
      "name": "private_subnets",
      "provider": "provider[\"registry.terraform.io/hashicorp/aws\"]",
      "instances": [
        {
          "schema_version": 0,
          "attributes": {
            "filter": [
              {
                "name": "tag:Type",
                "values": [
                  "private"
                ]
              }
            ],
            "id": "vpc-08d85c8c04f24f3c3",
            "ids": [
              "subnet-0087f2fa9e7240f61",
              "subnet-04a307d49e15f36ad",
              "subnet-0ddaf4dbed4cf91f8"
            ],
            "tags": null,
            "timeouts": null,
            "vpc_id": "vpc-08d85c8c04f24f3c3"
          },
          "sensitive_attributes": []
        }
      ]
    },
    {
      "mode": "data",
      "type": "aws_subnet_ids",
      "name": "public_subnets",
      "provider": "provider[\"registry.terraform.io/hashicorp/aws\"]",
      "instances": [
        {
          "schema_version": 0,
          "attributes": {
            "filter": [
              {
                "name": "tag:Type",
                "values": [
                  "public"
                ]
              }
            ],
            "id": "vpc-08d85c8c04f24f3c3",
            "ids": [
              "subnet-004b278648d2686a1",
              "subnet-04be0a07efe37758e",
              "subnet-04d6380ecf804d210"
            ],
            "tags": null,
            "timeouts": null,
            "vpc_id": "vpc-08d85c8c04f24f3c3"
          },
          "sensitive_attributes": []
        }
      ]
    },
    {
      "mode": "data",
      "type": "aws_vpc",
      "name": "clusters_vpc",
      "provider": "provider[\"registry.terraform.io/hashicorp/aws\"]",
      "instances": [
        {
          "schema_version": 0,
          "attributes": {
            "arn": "arn:aws:ec2:us-east-1:679441504692:vpc/vpc-08d85c8c04f24f3c3",
            "cidr_block": "10.40.0.0/21",
            "cidr_block_associations": [
              {
                "association_id": "vpc-cidr-assoc-0968d50fd3fec50ed",
                "cidr_block": "10.40.0.0/21",
                "state": "associated"
              }
            ],
            "default": false,
            "dhcp_options_id": "dopt-5fdcd925",
            "enable_dns_hostnames": true,
            "enable_dns_support": true,
            "enable_network_address_usage_metrics": false,
            "filter": [
              {
                "name": "tag:Name",
                "values": [
                  "jsanchez-clusters-vpc"
                ]
              }
            ],
            "id": "vpc-08d85c8c04f24f3c3",
            "instance_tenancy": "default",
            "ipv6_association_id": "",
            "ipv6_cidr_block": "",
            "main_route_table_id": "rtb-07b815488c080b6d8",
            "owner_id": "679441504692",
            "state": null,
            "tags": {
              "ManagedBy": "terraform",
              "Name": "jsanchez-clusters-vpc",
              "Owner": "jsanchez",
              "claimed_ownership": "false",
              "platform:role": "null",
              "platform:system": "null",
              "platform:team": "platform-infra-containers",
              "tcss:classification": "green",
              "tcss:creation-date": "2023-04-12T01:43:01Z",
              "tcss:creator": "jsanchezmendez",
              "tcss:network-exposure": "null",
              "tcss:owner": "platform-infra-containers",
              "tcss:tag-version": "1"
            },
            "timeouts": null
          },
          "sensitive_attributes": []
        }
      ]
    },
    {
      "module": "module.cluster",
      "mode": "data",
      "type": "aws_iam_policy",
      "name": "AmazonEKSClusterPolicy",
      "provider": "provider[\"registry.terraform.io/hashicorp/aws\"]",
      "instances": [
        {
          "schema_version": 0,
          "attributes": {
            "arn": "arn:aws:iam::aws:policy/AmazonEKSClusterPolicy",
            "description": "This policy provides Kubernetes the permissions it requires to manage resources on your behalf. Kubernetes requires Ec2:CreateTags permissions to place identifying information on EC2 resources including but not limited to Instances, Security Groups, and Elastic Network Interfaces. ",
            "id": "arn:aws:iam::aws:policy/AmazonEKSClusterPolicy",
            "name": "AmazonEKSClusterPolicy",
            "path": "/",
            "path_prefix": null,
            "policy": "{\n\t\"Version\": \"2012-10-17\",\n\t\"Statement\": [\n\t\t{\n\t\t\t\"Effect\": \"Allow\",\n\t\t\t\"Action\": [\n\t\t\t\t\"autoscaling:DescribeAutoScalingGroups\",\n\t\t\t\t\"autoscaling:UpdateAutoScalingGroup\",\n\t\t\t\t\"ec2:AttachVolume\",\n\t\t\t\t\"ec2:AuthorizeSecurityGroupIngress\",\n\t\t\t\t\"ec2:CreateRoute\",\n\t\t\t\t\"ec2:CreateSecurityGroup\",\n\t\t\t\t\"ec2:CreateTags\",\n\t\t\t\t\"ec2:CreateVolume\",\n\t\t\t\t\"ec2:DeleteRoute\",\n\t\t\t\t\"ec2:DeleteSecurityGroup\",\n\t\t\t\t\"ec2:DeleteVolume\",\n\t\t\t\t\"ec2:DescribeInstances\",\n\t\t\t\t\"ec2:DescribeRouteTables\",\n\t\t\t\t\"ec2:DescribeSecurityGroups\",\n\t\t\t\t\"ec2:DescribeSubnets\",\n\t\t\t\t\"ec2:DescribeVolumes\",\n\t\t\t\t\"ec2:DescribeVolumesModifications\",\n\t\t\t\t\"ec2:DescribeVpcs\",\n\t\t\t\t\"ec2:DescribeDhcpOptions\",\n\t\t\t\t\"ec2:DescribeNetworkInterfaces\",\n\t\t\t\t\"ec2:DescribeAvailabilityZones\",\n\t\t\t\t\"ec2:DetachVolume\",\n\t\t\t\t\"ec2:ModifyInstanceAttribute\",\n\t\t\t\t\"ec2:ModifyVolume\",\n\t\t\t\t\"ec2:RevokeSecurityGroupIngress\",\n\t\t\t\t\"ec2:DescribeAccountAttributes\",\n\t\t\t\t\"ec2:DescribeAddresses\",\n\t\t\t\t\"ec2:DescribeInternetGateways\",\n\t\t\t\t\"elasticloadbalancing:AddTags\",\n\t\t\t\t\"elasticloadbalancing:ApplySecurityGroupsToLoadBalancer\",\n\t\t\t\t\"elasticloadbalancing:AttachLoadBalancerToSubnets\",\n\t\t\t\t\"elasticloadbalancing:ConfigureHealthCheck\",\n\t\t\t\t\"elasticloadbalancing:CreateListener\",\n\t\t\t\t\"elasticloadbalancing:CreateLoadBalancer\",\n\t\t\t\t\"elasticloadbalancing:CreateLoadBalancerListeners\",\n\t\t\t\t\"elasticloadbalancing:CreateLoadBalancerPolicy\",\n\t\t\t\t\"elasticloadbalancing:CreateTargetGroup\",\n\t\t\t\t\"elasticloadbalancing:DeleteListener\",\n\t\t\t\t\"elasticloadbalancing:DeleteLoadBalancer\",\n\t\t\t\t\"elasticloadbalancing:DeleteLoadBalancerListeners\",\n\t\t\t\t\"elasticloadbalancing:DeleteTargetGroup\",\n\t\t\t\t\"elasticloadbalancing:DeregisterInstancesFromLoadBalancer\",\n\t\t\t\t\"elasticloadbalancing:DeregisterTargets\",\n\t\t\t\t\"elasticloadbalancing:DescribeListeners\",\n\t\t\t\t\"elasticloadbalancing:DescribeLoadBalancerAttributes\",\n\t\t\t\t\"elasticloadbalancing:DescribeLoadBalancerPolicies\",\n\t\t\t\t\"elasticloadbalancing:DescribeLoadBalancers\",\n\t\t\t\t\"elasticloadbalancing:DescribeTargetGroupAttributes\",\n\t\t\t\t\"elasticloadbalancing:DescribeTargetGroups\",\n\t\t\t\t\"elasticloadbalancing:DescribeTargetHealth\",\n\t\t\t\t\"elasticloadbalancing:DetachLoadBalancerFromSubnets\",\n\t\t\t\t\"elasticloadbalancing:ModifyListener\",\n\t\t\t\t\"elasticloadbalancing:ModifyLoadBalancerAttributes\",\n\t\t\t\t\"elasticloadbalancing:ModifyTargetGroup\",\n\t\t\t\t\"elasticloadbalancing:ModifyTargetGroupAttributes\",\n\t\t\t\t\"elasticloadbalancing:RegisterInstancesWithLoadBalancer\",\n\t\t\t\t\"elasticloadbalancing:RegisterTargets\",\n\t\t\t\t\"elasticloadbalancing:SetLoadBalancerPoliciesForBackendServer\",\n\t\t\t\t\"elasticloadbalancing:SetLoadBalancerPoliciesOfListener\",\n\t\t\t\t\"kms:DescribeKey\"\n\t\t\t],\n\t\t\t\"Resource\": \"*\"\n\t\t},\n\t\t{\n\t\t\t\"Effect\": \"Allow\",\n\t\t\t\"Action\": \"iam:CreateServiceLinkedRole\",\n\t\t\t\"Resource\": \"*\",\n\t\t\t\"Condition\": {\n\t\t\t\t\"StringEquals\": {\n\t\t\t\t\t\"iam:AWSServiceName\": \"elasticloadbalancing.amazonaws.com\"\n\t\t\t\t}\n\t\t\t}\n\t\t}\n\t]\n}",
            "policy_id": "ANPAIBTLDQMIC6UOIGFWA",
            "tags": {}
          },
          "sensitive_attributes": []
        }
      ]
    },
    {
      "module": "module.cluster",
      "mode": "data",
      "type": "aws_iam_policy",
      "name": "AmazonEKSServicePolicy",
      "provider": "provider[\"registry.terraform.io/hashicorp/aws\"]",
      "instances": [
        {
          "schema_version": 0,
          "attributes": {
            "arn": "arn:aws:iam::aws:policy/AmazonEKSServicePolicy",
            "description": "This policy allows Amazon Elastic Container Service for Kubernetes to create and manage the necessary resources to operate EKS Clusters.",
            "id": "arn:aws:iam::aws:policy/AmazonEKSServicePolicy",
            "name": "AmazonEKSServicePolicy",
            "path": "/",
            "path_prefix": null,
            "policy": "{\n    \"Version\": \"2012-10-17\",\n    \"Statement\": [\n        {\n            \"Effect\": \"Allow\",\n            \"Action\": [\n                \"ec2:CreateNetworkInterface\",\n                \"ec2:CreateNetworkInterfacePermission\",\n                \"ec2:DeleteNetworkInterface\",\n                \"ec2:DescribeInstances\",\n                \"ec2:DescribeNetworkInterfaces\",\n                \"ec2:DetachNetworkInterface\",\n                \"ec2:DescribeSecurityGroups\",\n                \"ec2:DescribeSubnets\",\n                \"ec2:DescribeVpcs\",\n                \"ec2:ModifyNetworkInterfaceAttribute\",\n                \"iam:ListAttachedRolePolicies\",\n                \"eks:UpdateClusterVersion\"\n            ],\n            \"Resource\": \"*\"\n        },\n        {\n            \"Effect\": \"Allow\",\n            \"Action\": [\n                \"ec2:CreateTags\",\n                \"ec2:DeleteTags\"\n            ],\n            \"Resource\": [\n                \"arn:aws:ec2:*:*:vpc/*\",\n                \"arn:aws:ec2:*:*:subnet/*\"\n\n            ]\n        },\n        {\n            \"Effect\": \"Allow\",\n            \"Action\": \"route53:AssociateVPCWithHostedZone\",\n            \"Resource\": \"*\"\n        },\n        {\n            \"Effect\": \"Allow\",\n            \"Action\": \"logs:CreateLogGroup\",\n            \"Resource\": \"*\"\n        },\n        {\n            \"Effect\": \"Allow\",\n            \"Action\": [\n                \"logs:CreateLogStream\",\n                \"logs:DescribeLogStreams\"\n            ],\n            \"Resource\": \"arn:aws:logs:*:*:log-group:/aws/eks/*:*\"\n        },\n        {\n            \"Effect\": \"Allow\",\n            \"Action\": \"logs:PutLogEvents\",\n            \"Resource\": \"arn:aws:logs:*:*:log-group:/aws/eks/*:*:*\"\n        },\n        {\n            \"Effect\": \"Allow\",\n            \"Action\": \"iam:CreateServiceLinkedRole\",\n            \"Resource\": \"*\",\n            \"Condition\": {\n                 \"StringLike\": {\n                     \"iam:AWSServiceName\": \"eks.amazonaws.com\"\n                 }\n            }\n        }\n    ]\n}",
            "policy_id": "ANPAJFCNXU6HPGCIVXYDI",
            "tags": {}
          },
          "sensitive_attributes": []
        }
      ]
    },
    {
      "module": "module.cluster",
      "mode": "managed",
      "type": "aws_eks_cluster",
      "name": "eks_cluster",
      "provider": "provider[\"registry.terraform.io/hashicorp/aws\"]",
      "instances": [
        {
          "schema_version": 0,
          "attributes": {
            "arn": "arn:aws:eks:us-east-1:679441504692:cluster/jsanchez-test1",
            "certificate_authority": [
              {
                "data": "LS0tLS1CRUdJTiBDRVJUSUZJQ0FURS0tLS0tCk1JSUMvakNDQWVhZ0F3SUJBZ0lCQURBTkJna3Foa2lHOXcwQkFRc0ZBREFWTVJNd0VRWURWUVFERXdwcmRXSmwKY201bGRHVnpNQjRYRFRJek1EUXhOekUwTXpNd05Wb1hEVE16TURReE5ERTBNek13TlZvd0ZURVRNQkVHQTFVRQpBeE1LYTNWaVpYSnVaWFJsY3pDQ0FTSXdEUVlKS29aSWh2Y05BUUVCQlFBRGdnRVBBRENDQVFvQ2dnRUJBTjFtCktueHFvVk9PSDVxa1F0ZUV5WHhMcHZXQnhHWUxwTGNHU3VsSVV1VlhacEZkZWhZQXRYUGNOakFtOW5OcGI4ekwKZk0wTkdYQ1cxenB3VGtMUUtmWXBMd0taWFF2dEVXQnVxcUdqNS9mZHdtUFZoZnZGVy9kQ0Vid2cwMjU3N2RoaQpwSmtYTXdmQmc2T0dsQ3JmeTVGOElaWmtzYW9kRzF2eHc4R3RXa1kyZG9PQ3ZxK1l0S2ppcURORzlobTNKQTJ1CnpueFU5enN5c3ZiNUFSdWNLUXdDQi9nMWNXVE1YRmNtUFZDZ2J1NHYzQmh3ei92eW1QVU9xWDdJaWZmcmZRYVEKcnREOGZ6Mk9vaHFUNG5HRzA5S0tWUHRlVCtQZGxTSWJKMXRmSXZFeGJ2R2p6VnBXdlFRTkJUdlpjMUxnQklCawpxZkhzNnkwbmxTbHFoMFdwTFBrQ0F3RUFBYU5aTUZjd0RnWURWUjBQQVFIL0JBUURBZ0trTUE4R0ExVWRFd0VCCi93UUZNQU1CQWY4d0hRWURWUjBPQkJZRUZJU2FrbStlbVBMUTJwd0RZRWg2SWVuSTNxN3RNQlVHQTFVZEVRUU8KTUF5Q0NtdDFZbVZ5Ym1WMFpYTXdEUVlKS29aSWh2Y05BUUVMQlFBRGdnRUJBTGtQK3dUWFdnSnNiaFZTb2hYSQpteHFDbFpOZFlhRCtxcmJndmlIZzBZaXoyS0tkdHFxV29BYTYweTExWjNEUXFVR0R0Ykl0NFBLMDlKMmxqTzl5CmNzeTlvRENUcXZUUVgzRjZMU3NIL3hVQzhKTWxHbjE0Z28wR3FqR1BWdUl5ckpaT05mczVZOHEwMjNCaHpscGIKQS9GUE9HUStjVmhiY1NVUXVxNGhvYnJwc0pGSnplME52VTBKdUN5N25VV0FrSlR0TzV6bUFheCtXNkRWQ1hWSQpKYVo3cEl5bkFWWEhORWI0Nmp0Y2NsRmtCem9aYUJTWDI0cDlHWkpzc1VIWEtLak1jbDMxbmNBVExDd2hVd3c0CkFRVmNxekozaU1jSXlBeEJDZEtJYTd2WnVBQzFHRUExTnkyUmNhRjVBWC90SWN5UTJTd05Mc0dGQWRVb0pKWnUKYUo4PQotLS0tLUVORCBDRVJUSUZJQ0FURS0tLS0tCg=="
              }
            ],
            "cluster_id": null,
            "created_at": "2023-04-17 14:28:08.855 +0000 UTC",
            "enabled_cluster_log_types": [],
            "encryption_config": [],
            "endpoint": "https://6E078752EAC98B20324F38AE8B723AF4.gr7.us-east-1.eks.amazonaws.com",
            "id": "jsanchez-test1",
            "identity": [
              {
                "oidc": [
                  {
                    "issuer": "https://oidc.eks.us-east-1.amazonaws.com/id/6E078752EAC98B20324F38AE8B723AF4"
                  }
                ]
              }
            ],
            "kubernetes_network_config": [
              {
                "ip_family": "ipv4",
                "service_ipv4_cidr": "172.20.0.0/16",
                "service_ipv6_cidr": ""
              }
            ],
            "name": "jsanchez-test1",
            "outpost_config": [],
            "platform_version": "eks.7",
            "role_arn": "arn:aws:iam::679441504692:role/jsanchez-test1-cluster-role",
            "status": "ACTIVE",
            "tags": {
              "claimed_ownership": "false",
              "platform:role": "null",
              "platform:system": "null",
              "platform:team": "platform-infra-containers",
              "tcss:classification": "green",
              "tcss:creation-date": "2023-04-17T14:28:08Z",
              "tcss:creator": "jsanchezmendez",
              "tcss:network-exposure": "null",
              "tcss:owner": "platform-infra-containers",
              "tcss:tag-version": "1"
            },
            "tags_all": {
              "claimed_ownership": "false",
              "platform:role": "null",
              "platform:system": "null",
              "platform:team": "platform-infra-containers",
              "tcss:classification": "green",
              "tcss:creation-date": "2023-04-17T14:28:08Z",
              "tcss:creator": "jsanchezmendez",
              "tcss:network-exposure": "null",
              "tcss:owner": "platform-infra-containers",
              "tcss:tag-version": "1"
            },
            "timeouts": null,
            "version": "1.23",
            "vpc_config": [
              {
                "cluster_security_group_id": "sg-09c6c3ee29709d729",
                "endpoint_private_access": false,
                "endpoint_public_access": true,
                "public_access_cidrs": [
                  "0.0.0.0/0"
                ],
                "security_group_ids": [
                  "sg-0d370eaf46b0a7045"
                ],
                "subnet_ids": [
                  "subnet-004b278648d2686a1",
                  "subnet-0087f2fa9e7240f61",
                  "subnet-04a307d49e15f36ad",
                  "subnet-04be0a07efe37758e",
                  "subnet-04d6380ecf804d210",
                  "subnet-0ddaf4dbed4cf91f8"
                ],
                "vpc_id": "vpc-08d85c8c04f24f3c3"
              }
            ]
          },
          "sensitive_attributes": [],
          "private": "eyJlMmJmYjczMC1lY2FhLTExZTYtOGY4OC0zNDM2M2JjN2M0YzAiOnsiY3JlYXRlIjoxODAwMDAwMDAwMDAwLCJkZWxldGUiOjkwMDAwMDAwMDAwMCwidXBkYXRlIjozNjAwMDAwMDAwMDAwfX0=",
          "dependencies": [
            "data.aws_subnet_ids.private_subnets",
            "data.aws_subnet_ids.public_subnets",
            "data.aws_vpc.clusters_vpc",
            "module.cluster.aws_iam_role.eks_cluster_role",
            "module.cluster.aws_iam_role_policy_attachment.eks_clusterrole_policy_attachment",
            "module.cluster.aws_iam_role_policy_attachment.eks_servicerole_policy_attachment",
            "module.cluster.aws_security_group.eks_cluster_sg",
            "module.cluster.data.aws_iam_policy.AmazonEKSClusterPolicy",
            "module.cluster.data.aws_iam_policy.AmazonEKSServicePolicy"
          ]
        }
      ]
    },
    {
      "module": "module.cluster",
      "mode": "managed",
      "type": "aws_iam_role",
      "name": "eks_cluster_role",
      "provider": "provider[\"registry.terraform.io/hashicorp/aws\"]",
      "instances": [
        {
          "schema_version": 0,
          "attributes": {
            "arn": "arn:aws:iam::679441504692:role/jsanchez-test1-cluster-role",
            "assume_role_policy": "{\"Statement\":[{\"Action\":\"sts:AssumeRole\",\"Effect\":\"Allow\",\"Principal\":{\"Service\":\"eks.amazonaws.com\"}}],\"Version\":\"2012-10-17\"}",
            "create_date": "2023-04-17T14:28:04Z",
            "description": "",
            "force_detach_policies": false,
            "id": "jsanchez-test1-cluster-role",
            "inline_policy": [],
            "managed_policy_arns": [
              "arn:aws:iam::aws:policy/AmazonEKSClusterPolicy",
              "arn:aws:iam::aws:policy/AmazonEKSServicePolicy"
            ],
            "max_session_duration": 3600,
            "name": "jsanchez-test1-cluster-role",
            "name_prefix": "",
            "path": "/",
            "permissions_boundary": null,
            "tags": {
              "ManagedBy": "terraform",
              "Owner": "jsanchez"
            },
            "tags_all": {
              "ManagedBy": "terraform",
              "Owner": "jsanchez"
            },
            "unique_id": "AROAZ4MO6TG2MNDIEP6FL"
          },
          "sensitive_attributes": [],
          "private": "bnVsbA=="
        }
      ]
    },
    {
      "module": "module.cluster",
      "mode": "managed",
      "type": "aws_iam_role_policy_attachment",
      "name": "eks_clusterrole_policy_attachment",
      "provider": "provider[\"registry.terraform.io/hashicorp/aws\"]",
      "instances": [
        {
          "schema_version": 0,
          "attributes": {
            "id": "jsanchez-test1-cluster-role-20230417142805342100000002",
            "policy_arn": "arn:aws:iam::aws:policy/AmazonEKSClusterPolicy",
            "role": "jsanchez-test1-cluster-role"
          },
          "sensitive_attributes": [],
          "private": "bnVsbA==",
          "dependencies": [
            "module.cluster.aws_iam_role.eks_cluster_role",
            "module.cluster.data.aws_iam_policy.AmazonEKSClusterPolicy"
          ]
        }
      ]
    },
    {
      "module": "module.cluster",
      "mode": "managed",
      "type": "aws_iam_role_policy_attachment",
      "name": "eks_servicerole_policy_attachment",
      "provider": "provider[\"registry.terraform.io/hashicorp/aws\"]",
      "instances": [
        {
          "schema_version": 0,
          "attributes": {
            "id": "jsanchez-test1-cluster-role-20230417142805206500000001",
            "policy_arn": "arn:aws:iam::aws:policy/AmazonEKSServicePolicy",
            "role": "jsanchez-test1-cluster-role"
          },
          "sensitive_attributes": [],
          "private": "bnVsbA==",
          "dependencies": [
            "module.cluster.aws_iam_role.eks_cluster_role",
            "module.cluster.data.aws_iam_policy.AmazonEKSServicePolicy"
          ]
        }
      ]
    },
    {
      "module": "module.cluster",
      "mode": "managed",
      "type": "aws_security_group",
      "name": "eks_cluster_sg",
      "provider": "provider[\"registry.terraform.io/hashicorp/aws\"]",
      "instances": [
        {
          "schema_version": 1,
          "attributes": {
            "arn": "arn:aws:ec2:us-east-1:679441504692:security-group/sg-0d370eaf46b0a7045",
            "description": "EKS jsanchez-test1 cluster security group",
            "egress": [],
            "id": "sg-0d370eaf46b0a7045",
            "ingress": [],
            "name": "jsanchez-test1-cluster-sg",
            "name_prefix": "",
            "owner_id": "679441504692",
            "revoke_rules_on_delete": false,
            "tags": {
              "ManagedBy": "terraform",
              "Name": "jsanchez-test1-cluster-sg",
              "Owner": "jsanchez",
              "kubernetes.io/cluster/jsanchez-test1": "owned"
            },
            "tags_all": {
              "ManagedBy": "terraform",
              "Name": "jsanchez-test1-cluster-sg",
              "Owner": "jsanchez",
              "kubernetes.io/cluster/jsanchez-test1": "owned"
            },
            "timeouts": null,
            "vpc_id": "vpc-08d85c8c04f24f3c3"
          },
          "sensitive_attributes": [],
          "private": "eyJlMmJmYjczMC1lY2FhLTExZTYtOGY4OC0zNDM2M2JjN2M0YzAiOnsiY3JlYXRlIjo2MDAwMDAwMDAwMDAsImRlbGV0ZSI6OTAwMDAwMDAwMDAwfSwic2NoZW1hX3ZlcnNpb24iOiIxIn0=",
          "dependencies": [
            "data.aws_vpc.clusters_vpc"
          ]
        }
      ]
    },
    {
      "module": "module.nodegroup",
      "mode": "managed",
      "type": "aws_eks_node_group",
      "name": "node-group",
      "provider": "provider[\"registry.terraform.io/hashicorp/aws\"]",
      "instances": [
        {
          "schema_version": 0,
          "attributes": {
            "ami_type": "AL2_x86_64",
            "arn": "arn:aws:eks:us-east-1:679441504692:nodegroup/jsanchez-test1/jsanchez-ng-1/4ac3c7d2-c7a5-bb9a-3b1a-5e88f8d58239",
            "capacity_type": "ON_DEMAND",
            "cluster_name": "jsanchez-test1",
            "disk_size": 20,
            "force_update_version": null,
            "id": "jsanchez-test1:jsanchez-ng-1",
            "instance_types": [
              "t3.small"
            ],
            "labels": {},
            "launch_template": [],
            "node_group_name": "jsanchez-ng-1",
            "node_group_name_prefix": "",
            "node_role_arn": "arn:aws:iam::679441504692:role/terraform-20230417143642786000000003",
            "release_version": "1.23.17-20230406",
            "remote_access": [],
            "resources": [
              {
                "autoscaling_groups": [
                  {
                    "name": "eks-jsanchez-ng-1-4ac3c7d2-c7a5-bb9a-3b1a-5e88f8d58239"
                  }
                ],
                "remote_access_security_group_id": ""
              }
            ],
            "scaling_config": [
              {
                "desired_size": 1,
                "max_size": 2,
                "min_size": 1
              }
            ],
            "status": "ACTIVE",
            "subnet_ids": [
              "subnet-0087f2fa9e7240f61",
              "subnet-04a307d49e15f36ad",
              "subnet-0ddaf4dbed4cf91f8"
            ],
            "tags": {
              "ManagedBy": "terraform",
              "Owner": "jsanchez"
            },
            "tags_all": {
              "ManagedBy": "terraform",
              "Owner": "jsanchez"
            },
            "taint": [],
            "timeouts": null,
            "update_config": [
              {
                "max_unavailable": 1,
                "max_unavailable_percentage": 0
              }
            ],
            "version": "1.23"
          },
          "sensitive_attributes": [],
          "private": "eyJlMmJmYjczMC1lY2FhLTExZTYtOGY4OC0zNDM2M2JjN2M0YzAiOnsiY3JlYXRlIjozNjAwMDAwMDAwMDAwLCJkZWxldGUiOjM2MDAwMDAwMDAwMDAsInVwZGF0ZSI6MzYwMDAwMDAwMDAwMH19",
          "dependencies": [
            "data.aws_subnet_ids.private_subnets",
            "data.aws_subnet_ids.public_subnets",
            "data.aws_vpc.clusters_vpc",
            "module.cluster.aws_eks_cluster.eks_cluster",
            "module.cluster.aws_iam_role.eks_cluster_role",
            "module.cluster.aws_iam_role_policy_attachment.eks_clusterrole_policy_attachment",
            "module.cluster.aws_iam_role_policy_attachment.eks_servicerole_policy_attachment",
            "module.cluster.aws_security_group.eks_cluster_sg",
            "module.cluster.data.aws_iam_policy.AmazonEKSClusterPolicy",
            "module.cluster.data.aws_iam_policy.AmazonEKSServicePolicy",
            "module.nodegroup.aws_iam_role.eks_node_role",
            "module.nodegroup.aws_iam_role_policy_attachment.jsanchez-eks-node-role-AmazonEC2ContainerRegistryReadOnly",
            "module.nodegroup.aws_iam_role_policy_attachment.jsanchez-eks-node-role-AmazonEKSWorkerNodePolicy",
            "module.nodegroup.aws_iam_role_policy_attachment.jsanchez-eks-node-role-AmazonEKS_CNI_Policy",
            "module.nodegroup.data.aws_eks_cluster.cluster"
          ]
        }
      ]
    },
    {
      "module": "module.nodegroup",
      "mode": "managed",
      "type": "aws_iam_role",
      "name": "eks_node_role",
      "provider": "provider[\"registry.terraform.io/hashicorp/aws\"]",
      "instances": [
        {
          "schema_version": 0,
          "attributes": {
            "arn": "arn:aws:iam::679441504692:role/terraform-20230417143642786000000003",
            "assume_role_policy": "{\"Statement\":[{\"Action\":\"sts:AssumeRole\",\"Effect\":\"Allow\",\"Principal\":{\"Service\":\"ec2.amazonaws.com\"}}],\"Version\":\"2012-10-17\"}",
            "create_date": "2023-04-17T14:36:43Z",
            "description": "",
            "force_detach_policies": false,
            "id": "terraform-20230417143642786000000003",
            "inline_policy": [],
            "managed_policy_arns": [
              "arn:aws:iam::aws:policy/AmazonEC2ContainerRegistryReadOnly",
              "arn:aws:iam::aws:policy/AmazonEKSWorkerNodePolicy",
              "arn:aws:iam::aws:policy/AmazonEKS_CNI_Policy"
            ],
            "max_session_duration": 3600,
            "name": "terraform-20230417143642786000000003",
            "name_prefix": "terraform-",
            "path": "/",
            "permissions_boundary": null,
            "tags": {},
            "tags_all": {},
            "unique_id": "AROAZ4MO6TG2AJAL27DVL"
          },
          "sensitive_attributes": [],
          "private": "bnVsbA==",
          "dependencies": [
            "data.aws_subnet_ids.private_subnets",
            "data.aws_subnet_ids.public_subnets",
            "data.aws_vpc.clusters_vpc",
            "module.cluster.aws_eks_cluster.eks_cluster",
            "module.cluster.aws_iam_role.eks_cluster_role",
            "module.cluster.aws_iam_role_policy_attachment.eks_clusterrole_policy_attachment",
            "module.cluster.aws_iam_role_policy_attachment.eks_servicerole_policy_attachment",
            "module.cluster.aws_security_group.eks_cluster_sg",
            "module.cluster.data.aws_iam_policy.AmazonEKSClusterPolicy",
            "module.cluster.data.aws_iam_policy.AmazonEKSServicePolicy"
          ]
        }
      ]
    },
    {
      "module": "module.nodegroup",
      "mode": "managed",
      "type": "aws_iam_role_policy_attachment",
      "name": "jsanchez-eks-node-role-AmazonEC2ContainerRegistryReadOnly",
      "provider": "provider[\"registry.terraform.io/hashicorp/aws\"]",
      "instances": [
        {
          "schema_version": 0,
          "attributes": {
            "id": "terraform-20230417143642786000000003-20230417143644262400000006",
            "policy_arn": "arn:aws:iam::aws:policy/AmazonEC2ContainerRegistryReadOnly",
            "role": "terraform-20230417143642786000000003"
          },
          "sensitive_attributes": [],
          "private": "bnVsbA==",
          "dependencies": [
            "data.aws_subnet_ids.private_subnets",
            "data.aws_subnet_ids.public_subnets",
            "data.aws_vpc.clusters_vpc",
            "module.cluster.aws_eks_cluster.eks_cluster",
            "module.cluster.aws_iam_role.eks_cluster_role",
            "module.cluster.aws_iam_role_policy_attachment.eks_clusterrole_policy_attachment",
            "module.cluster.aws_iam_role_policy_attachment.eks_servicerole_policy_attachment",
            "module.cluster.aws_security_group.eks_cluster_sg",
            "module.cluster.data.aws_iam_policy.AmazonEKSClusterPolicy",
            "module.cluster.data.aws_iam_policy.AmazonEKSServicePolicy",
            "module.nodegroup.aws_iam_role.eks_node_role"
          ]
        }
      ]
    },
    {
      "module": "module.nodegroup",
      "mode": "managed",
      "type": "aws_iam_role_policy_attachment",
      "name": "jsanchez-eks-node-role-AmazonEKSWorkerNodePolicy",
      "provider": "provider[\"registry.terraform.io/hashicorp/aws\"]",
      "instances": [
        {
          "schema_version": 0,
          "attributes": {
            "id": "terraform-20230417143642786000000003-20230417143644089400000005",
            "policy_arn": "arn:aws:iam::aws:policy/AmazonEKSWorkerNodePolicy",
            "role": "terraform-20230417143642786000000003"
          },
          "sensitive_attributes": [],
          "private": "bnVsbA==",
          "dependencies": [
            "data.aws_subnet_ids.private_subnets",
            "data.aws_subnet_ids.public_subnets",
            "data.aws_vpc.clusters_vpc",
            "module.cluster.aws_eks_cluster.eks_cluster",
            "module.cluster.aws_iam_role.eks_cluster_role",
            "module.cluster.aws_iam_role_policy_attachment.eks_clusterrole_policy_attachment",
            "module.cluster.aws_iam_role_policy_attachment.eks_servicerole_policy_attachment",
            "module.cluster.aws_security_group.eks_cluster_sg",
            "module.cluster.data.aws_iam_policy.AmazonEKSClusterPolicy",
            "module.cluster.data.aws_iam_policy.AmazonEKSServicePolicy",
            "module.nodegroup.aws_iam_role.eks_node_role"
          ]
        }
      ]
    },
    {
      "module": "module.nodegroup",
      "mode": "managed",
      "type": "aws_iam_role_policy_attachment",
      "name": "jsanchez-eks-node-role-AmazonEKS_CNI_Policy",
      "provider": "provider[\"registry.terraform.io/hashicorp/aws\"]",
      "instances": [
        {
          "schema_version": 0,
          "attributes": {
            "id": "terraform-20230417143642786000000003-20230417143643913200000004",
            "policy_arn": "arn:aws:iam::aws:policy/AmazonEKS_CNI_Policy",
            "role": "terraform-20230417143642786000000003"
          },
          "sensitive_attributes": [],
          "private": "bnVsbA==",
          "dependencies": [
            "data.aws_subnet_ids.private_subnets",
            "data.aws_subnet_ids.public_subnets",
            "data.aws_vpc.clusters_vpc",
            "module.cluster.aws_eks_cluster.eks_cluster",
            "module.cluster.aws_iam_role.eks_cluster_role",
            "module.cluster.aws_iam_role_policy_attachment.eks_clusterrole_policy_attachment",
            "module.cluster.aws_iam_role_policy_attachment.eks_servicerole_policy_attachment",
            "module.cluster.aws_security_group.eks_cluster_sg",
            "module.cluster.data.aws_iam_policy.AmazonEKSClusterPolicy",
            "module.cluster.data.aws_iam_policy.AmazonEKSServicePolicy",
            "module.nodegroup.aws_iam_role.eks_node_role"
          ]
        }
      ]
    }
  ],
  "check_results": null
}
